
Microsoft Visual Studio Solution File, Format Version 12.00
# Visual Studio Version 17
VisualStudioVersion = 17.5.002.0
MinimumVisualStudioVersion = 10.0.40219.1
Project("{9A19103F-16F7-4668-BE54-9A1E7A4F7556}") = "WeatherTwentyOne", "WeatherTwentyOne.csproj", "{1ABF042B-74A2-45B1-ACDD-7BDBC707B5EF}"
EndProject
Global
	GlobalSection(SolutionConfigurationPlatforms) = preSolution
		Debug|Any CPU = Debug|Any CPU
		Release|Any CPU = Release|Any CPU
	EndGlobalSection
	GlobalSection(ProjectConfigurationPlatforms) = postSolution
		{1ABF042B-74A2-45B1-ACDD-7BDBC707B5EF}.Debug|Any CPU.ActiveCfg = Debug|Any CPU
		{1ABF042B-74A2-45B1-ACDD-7BDBC707B5EF}.Debug|Any CPU.Build.0 = Debug|Any CPU
		{1ABF042B-74A2-45B1-ACDD-7BDBC707B5EF}.Release|Any CPU.ActiveCfg = Release|Any CPU
		{1ABF042B-74A2-45B1-ACDD-7BDBC707B5EF}.Release|Any CPU.Build.0 = Release|Any CPU
	EndGlobalSection
	GlobalSection(SolutionProperties) = preSolution
		HideSolutionNode = FALSE
	EndGlobalSection
	GlobalSection(ExtensibilityGlobals) = postSolution
		SolutionGuid = {C182495A-53E3-4B84-BD61-960D562BE160}
	EndGlobalSection
EndGlobal
